// !$*UTF8*$!
{
	archiveVersion = 1;
	classes = {
	};
	objectVersion = 50;
	objects = {

/* Begin PBXBuildFile section */
		88766D3924FCDCAE00C1A1A5 /* RowView.swift in Sources */ = {isa = PBXBuildFile; fileRef = 88766D3824FCDCAE00C1A1A5 /* RowView.swift */; };
		88766D3E24FCEC2B00C1A1A5 /* IndexedCollection.swift in Sources */ = {isa = PBXBuildFile; fileRef = 88766D3B24FCEC2B00C1A1A5 /* IndexedCollection.swift */; };
		88766D3F24FCEC2B00C1A1A5 /* Binding.swift in Sources */ = {isa = PBXBuildFile; fileRef = 88766D3C24FCEC2B00C1A1A5 /* Binding.swift */; };
		88766D4024FCEC2B00C1A1A5 /* ForEach.swift in Sources */ = {isa = PBXBuildFile; fileRef = 88766D3D24FCEC2B00C1A1A5 /* ForEach.swift */; };
		88EF663724EFB9F500D38707 /* AppDelegate.swift in Sources */ = {isa = PBXBuildFile; fileRef = 88EF663624EFB9F500D38707 /* AppDelegate.swift */; };
		88EF663924EFB9F500D38707 /* SceneDelegate.swift in Sources */ = {isa = PBXBuildFile; fileRef = 88EF663824EFB9F500D38707 /* SceneDelegate.swift */; };
		88EF663B24EFB9F500D38707 /* CheckListView.swift in Sources */ = {isa = PBXBuildFile; fileRef = 88EF663A24EFB9F500D38707 /* CheckListView.swift */; };
		88EF663D24EFB9FB00D38707 /* Assets.xcassets in Resources */ = {isa = PBXBuildFile; fileRef = 88EF663C24EFB9FB00D38707 /* Assets.xcassets */; };
		88EF664024EFB9FB00D38707 /* Preview Assets.xcassets in Resources */ = {isa = PBXBuildFile; fileRef = 88EF663F24EFB9FB00D38707 /* Preview Assets.xcassets */; };
		88EF664324EFB9FB00D38707 /* LaunchScreen.storyboard in Resources */ = {isa = PBXBuildFile; fileRef = 88EF664124EFB9FB00D38707 /* LaunchScreen.storyboard */; };
		88FAFE4724F7A062005752BE /* ChecklistItem.swift in Sources */ = {isa = PBXBuildFile; fileRef = 88FAFE4624F7A062005752BE /* ChecklistItem.swift */; };
		88FAFE4924F7A135005752BE /* Checklist.swift in Sources */ = {isa = PBXBuildFile; fileRef = 88FAFE4824F7A135005752BE /* Checklist.swift */; };
		88FAFE4B24F7B4D5005752BE /* EditChecklistItemView.swift in Sources */ = {isa = PBXBuildFile; fileRef = 88FAFE4A24F7B4D5005752BE /* EditChecklistItemView.swift */; };
		88FAFE4D24F90001005752BE /* NewChecklistItemView.swift in Sources */ = {isa = PBXBuildFile; fileRef = 88FAFE4C24F90001005752BE /* NewChecklistItemView.swift */; };
/* End PBXBuildFile section */

/* Begin PBXFileReference section */
		88766D3824FCDCAE00C1A1A5 /* RowView.swift */ = {isa = PBXFileReference; lastKnownFileType = sourcecode.swift; path = RowView.swift; sourceTree = "<group>"; };
		88766D3B24FCEC2B00C1A1A5 /* IndexedCollection.swift */ = {isa = PBXFileReference; fileEncoding = 4; lastKnownFileType = sourcecode.swift; path = IndexedCollection.swift; sourceTree = "<group>"; };
		88766D3C24FCEC2B00C1A1A5 /* Binding.swift */ = {isa = PBXFileReference; fileEncoding = 4; lastKnownFileType = sourcecode.swift; path = Binding.swift; sourceTree = "<group>"; };
		88766D3D24FCEC2B00C1A1A5 /* ForEach.swift */ = {isa = PBXFileReference; fileEncoding = 4; lastKnownFileType = sourcecode.swift; path = ForEach.swift; sourceTree = "<group>"; };
		88EF663324EFB9F500D38707 /* Checklist.app */ = {isa = PBXFileReference; explicitFileType = wrapper.application; includeInIndex = 0; path = Checklist.app; sourceTree = BUILT_PRODUCTS_DIR; };
		88EF663624EFB9F500D38707 /* AppDelegate.swift */ = {isa = PBXFileReference; lastKnownFileType = sourcecode.swift; path = AppDelegate.swift; sourceTree = "<group>"; };
		88EF663824EFB9F500D38707 /* SceneDelegate.swift */ = {isa = PBXFileReference; lastKnownFileType = sourcecode.swift; path = SceneDelegate.swift; sourceTree = "<group>"; };
		88EF663A24EFB9F500D38707 /* CheckListView.swift */ = {isa = PBXFileReference; lastKnownFileType = sourcecode.swift; path = CheckListView.swift; sourceTree = "<group>"; };
		88EF663C24EFB9FB00D38707 /* Assets.xcassets */ = {isa = PBXFileReference; lastKnownFileType = folder.assetcatalog; path = Assets.xcassets; sourceTree = "<group>"; };
		88EF663F24EFB9FB00D38707 /* Preview Assets.xcassets */ = {isa = PBXFileReference; lastKnownFileType = folder.assetcatalog; path = "Preview Assets.xcassets"; sourceTree = "<group>"; };
		88EF664224EFB9FB00D38707 /* Base */ = {isa = PBXFileReference; lastKnownFileType = file.storyboard; name = Base; path = Base.lproj/LaunchScreen.storyboard; sourceTree = "<group>"; };
		88EF664424EFB9FB00D38707 /* Info.plist */ = {isa = PBXFileReference; lastKnownFileType = text.plist.xml; path = Info.plist; sourceTree = "<group>"; };
		88FAFE4624F7A062005752BE /* ChecklistItem.swift */ = {isa = PBXFileReference; lastKnownFileType = sourcecode.swift; path = ChecklistItem.swift; sourceTree = "<group>"; };
		88FAFE4824F7A135005752BE /* Checklist.swift */ = {isa = PBXFileReference; lastKnownFileType = sourcecode.swift; path = Checklist.swift; sourceTree = "<group>"; };
		88FAFE4A24F7B4D5005752BE /* EditChecklistItemView.swift */ = {isa = PBXFileReference; lastKnownFileType = sourcecode.swift; path = EditChecklistItemView.swift; sourceTree = "<group>"; };
		88FAFE4C24F90001005752BE /* NewChecklistItemView.swift */ = {isa = PBXFileReference; lastKnownFileType = sourcecode.swift; path = NewChecklistItemView.swift; sourceTree = "<group>"; };
/* End PBXFileReference section */

/* Begin PBXFrameworksBuildPhase section */
		88EF663024EFB9F500D38707 /* Frameworks */ = {
			isa = PBXFrameworksBuildPhase;
			buildActionMask = 2147483647;
			files = (
			);
			runOnlyForDeploymentPostprocessing = 0;
		};
/* End PBXFrameworksBuildPhase section */

/* Begin PBXGroup section */
		88766D3A24FCEC2B00C1A1A5 /* Extensions */ = {
			isa = PBXGroup;
			children = (
				88766D3B24FCEC2B00C1A1A5 /* IndexedCollection.swift */,
				88766D3C24FCEC2B00C1A1A5 /* Binding.swift */,
				88766D3D24FCEC2B00C1A1A5 /* ForEach.swift */,
			);
			path = Extensions;
			sourceTree = "<group>";
		};
		88EF662A24EFB9F500D38707 = {
			isa = PBXGroup;
			children = (
				88EF663524EFB9F500D38707 /* Checklist */,
				88EF663424EFB9F500D38707 /* Products */,
			);
			sourceTree = "<group>";
		};
		88EF663424EFB9F500D38707 /* Products */ = {
			isa = PBXGroup;
			children = (
				88EF663324EFB9F500D38707 /* Checklist.app */,
			);
			name = Products;
			sourceTree = "<group>";
		};
		88EF663524EFB9F500D38707 /* Checklist */ = {
			isa = PBXGroup;
			children = (
				88766D3A24FCEC2B00C1A1A5 /* Extensions */,
				88EF663624EFB9F500D38707 /* AppDelegate.swift */,
				88EF663824EFB9F500D38707 /* SceneDelegate.swift */,
				88FAFE4A24F7B4D5005752BE /* EditChecklistItemView.swift */,
				88EF663A24EFB9F500D38707 /* CheckListView.swift */,
				88766D3824FCDCAE00C1A1A5 /* RowView.swift */,
				88FAFE4C24F90001005752BE /* NewChecklistItemView.swift */,
				88FAFE4824F7A135005752BE /* Checklist.swift */,
				88FAFE4624F7A062005752BE /* ChecklistItem.swift */,
				88EF664124EFB9FB00D38707 /* LaunchScreen.storyboard */,
				88EF663C24EFB9FB00D38707 /* Assets.xcassets */,
				88EF664424EFB9FB00D38707 /* Info.plist */,
				88EF663E24EFB9FB00D38707 /* Preview Content */,
			);
			path = Checklist;
			sourceTree = "<group>";
		};
		88EF663E24EFB9FB00D38707 /* Preview Content */ = {
			isa = PBXGroup;
			children = (
				88EF663F24EFB9FB00D38707 /* Preview Assets.xcassets */,
			);
			path = "Preview Content";
			sourceTree = "<group>";
		};
/* End PBXGroup section */

/* Begin PBXNativeTarget section */
		88EF663224EFB9F500D38707 /* Checklist */ = {
			isa = PBXNativeTarget;
			buildConfigurationList = 88EF664724EFB9FB00D38707 /* Build configuration list for PBXNativeTarget "Checklist" */;
			buildPhases = (
				88EF662F24EFB9F500D38707 /* Sources */,
				88EF663024EFB9F500D38707 /* Frameworks */,
				88EF663124EFB9F500D38707 /* Resources */,
			);
			buildRules = (
			);
			dependencies = (
			);
			name = Checklist;
			productName = Checklist;
			productReference = 88EF663324EFB9F500D38707 /* Checklist.app */;
			productType = "com.apple.product-type.application";
		};
/* End PBXNativeTarget section */

/* Begin PBXProject section */
		88EF662B24EFB9F500D38707 /* Project object */ = {
			isa = PBXProject;
			attributes = {
				LastSwiftUpdateCheck = 1140;
				LastUpgradeCheck = 1140;
				ORGANIZATIONNAME = Lorenzo;
				TargetAttributes = {
					88EF663224EFB9F500D38707 = {
						CreatedOnToolsVersion = 11.4.1;
					};
				};
			};
			buildConfigurationList = 88EF662E24EFB9F500D38707 /* Build configuration list for PBXProject "Checklist" */;
			compatibilityVersion = "Xcode 9.3";
			developmentRegion = en;
			hasScannedForEncodings = 0;
			knownRegions = (
				en,
				Base,
			);
			mainGroup = 88EF662A24EFB9F500D38707;
			productRefGroup = 88EF663424EFB9F500D38707 /* Products */;
			projectDirPath = "";
			projectRoot = "";
			targets = (
				88EF663224EFB9F500D38707 /* Checklist */,
			);
		};
/* End PBXProject section */

/* Begin PBXResourcesBuildPhase section */
		88EF663124EFB9F500D38707 /* Resources */ = {
			isa = PBXResourcesBuildPhase;
			buildActionMask = 2147483647;
			files = (
				88EF664324EFB9FB00D38707 /* LaunchScreen.storyboard in Resources */,
				88EF664024EFB9FB00D38707 /* Preview Assets.xcassets in Resources */,
				88EF663D24EFB9FB00D38707 /* Assets.xcassets in Resources */,
			);
			runOnlyForDeploymentPostprocessing = 0;
		};
/* End PBXResourcesBuildPhase section */

/* Begin PBXSourcesBuildPhase section */
		88EF662F24EFB9F500D38707 /* Sources */ = {
			isa = PBXSourcesBuildPhase;
			buildActionMask = 2147483647;
			files = (
				88FAFE4924F7A135005752BE /* Checklist.swift in Sources */,
				88EF663724EFB9F500D38707 /* AppDelegate.swift in Sources */,
				88766D4024FCEC2B00C1A1A5 /* ForEach.swift in Sources */,
				88766D3E24FCEC2B00C1A1A5 /* IndexedCollection.swift in Sources */,
				88EF663924EFB9F500D38707 /* SceneDelegate.swift in Sources */,
				88766D3924FCDCAE00C1A1A5 /* RowView.swift in Sources */,
				88EF663B24EFB9F500D38707 /* CheckListView.swift in Sources */,
				88FAFE4B24F7B4D5005752BE /* EditChecklistItemView.swift in Sources */,
				88FAFE4D24F90001005752BE /* NewChecklistItemView.swift in Sources */,
				88FAFE4724F7A062005752BE /* ChecklistItem.swift in Sources */,
				88766D3F24FCEC2B00C1A1A5 /* Binding.swift in Sources */,
			);
			runOnlyForDeploymentPostprocessing = 0;
		};
/* End PBXSourcesBuildPhase section */

/* Begin PBXVariantGroup section */
		88EF664124EFB9FB00D38707 /* LaunchScreen.storyboard */ = {
			isa = PBXVariantGroup;
			children = (
				88EF664224EFB9FB00D38707 /* Base */,
			);
			name = LaunchScreen.storyboard;
			sourceTree = "<group>";
		};
/* End PBXVariantGroup section */

/* Begin XCBuildConfiguration section */
		88EF664524EFB9FB00D38707 /* Debug */ = {
			isa = XCBuildConfiguration;
			buildSettings = {
				ALWAYS_SEARCH_USER_PATHS = NO;
				CLANG_ANALYZER_NONNULL = YES;
				CLANG_ANALYZER_NUMBER_OBJECT_CONVERSION = YES_AGGRESSIVE;
				CLANG_CXX_LANGUAGE_STANDARD = "gnu++14";
				CLANG_CXX_LIBRARY = "libc++";
				CLANG_ENABLE_MODULES = YES;
				CLANG_ENABLE_OBJC_ARC = YES;
				CLANG_ENABLE_OBJC_WEAK = YES;
				CLANG_WARN_BLOCK_CAPTURE_AUTORELEASING = YES;
				CLANG_WARN_BOOL_CONVERSION = YES;
				CLANG_WARN_COMMA = YES;
				CLANG_WARN_CONSTANT_CONVERSION = YES;
				CLANG_WARN_DEPRECATED_OBJC_IMPLEMENTATIONS = YES;
				CLANG_WARN_DIRECT_OBJC_ISA_USAGE = YES_ERROR;
				CLANG_WARN_DOCUMENTATION_COMMENTS = YES;
				CLANG_WARN_EMPTY_BODY = YES;
				CLANG_WARN_ENUM_CONVERSION = YES;
				CLANG_WARN_INFINITE_RECURSION = YES;
				CLANG_WARN_INT_CONVERSION = YES;
				CLANG_WARN_NON_LITERAL_NULL_CONVERSION = YES;
				CLANG_WARN_OBJC_IMPLICIT_RETAIN_SELF = YES;
				CLANG_WARN_OBJC_LITERAL_CONVERSION = YES;
				CLANG_WARN_OBJC_ROOT_CLASS = YES_ERROR;
				CLANG_WARN_RANGE_LOOP_ANALYSIS = YES;
				CLANG_WARN_STRICT_PROTOTYPES = YES;
				CLANG_WARN_SUSPICIOUS_MOVE = YES;
				CLANG_WARN_UNGUARDED_AVAILABILITY = YES_AGGRESSIVE;
				CLANG_WARN_UNREACHABLE_CODE = YES;
				CLANG_WARN__DUPLICATE_METHOD_MATCH = YES;
				COPY_PHASE_STRIP = NO;
				DEBUG_INFORMATION_FORMAT = dwarf;
				ENABLE_STRICT_OBJC_MSGSEND = YES;
				ENABLE_TESTABILITY = YES;
				GCC_C_LANGUAGE_STANDARD = gnu11;
				GCC_DYNAMIC_NO_PIC = NO;
				GCC_NO_COMMON_BLOCKS = YES;
				GCC_OPTIMIZATION_LEVEL = 0;
				GCC_PREPROCESSOR_DEFINITIONS = (
					"DEBUG=1",
					"$(inherited)",
				);
				GCC_WARN_64_TO_32_BIT_CONVERSION = YES;
				GCC_WARN_ABOUT_RETURN_TYPE = YES_ERROR;
				GCC_WARN_UNDECLARED_SELECTOR = YES;
				GCC_WARN_UNINITIALIZED_AUTOS = YES_AGGRESSIVE;
				GCC_WARN_UNUSED_FUNCTION = YES;
				GCC_WARN_UNUSED_VARIABLE = YES;
				IPHONEOS_DEPLOYMENT_TARGET = 13.4;
				MTL_ENABLE_DEBUG_INFO = INCLUDE_SOURCE;
				MTL_FAST_MATH = YES;
				ONLY_ACTIVE_ARCH = YES;
				SDKROOT = iphoneos;
				SWIFT_ACTIVE_COMPILATION_CONDITIONS = DEBUG;
				SWIFT_OPTIMIZATION_LEVEL = "-Onone";
			};
			name = Debug;
		};
		88EF664624EFB9FB00D38707 /* Release */ = {
			isa = XCBuildConfiguration;
			buildSettings = {
				ALWAYS_SEARCH_USER_PATHS = NO;
				CLANG_ANALYZER_NONNULL = YES;
				CLANG_ANALYZER_NUMBER_OBJECT_CONVERSION = YES_AGGRESSIVE;
				CLANG_CXX_LANGUAGE_STANDARD = "gnu++14";
				CLANG_CXX_LIBRARY = "libc++";
				CLANG_ENABLE_MODULES = YES;
				CLANG_ENABLE_OBJC_ARC = YES;
				CLANG_ENABLE_OBJC_WEAK = YES;
				CLANG_WARN_BLOCK_CAPTURE_AUTORELEASING = YES;
				CLANG_WARN_BOOL_CONVERSION = YES;
				CLANG_WARN_COMMA = YES;
				CLANG_WARN_CONSTANT_CONVERSION = YES;
				CLANG_WARN_DEPRECATED_OBJC_IMPLEMENTATIONS = YES;
				CLANG_WARN_DIRECT_OBJC_ISA_USAGE = YES_ERROR;
				CLANG_WARN_DOCUMENTATION_COMMENTS = YES;
				CLANG_WARN_EMPTY_BODY = YES;
				CLANG_WARN_ENUM_CONVERSION = YES;
				CLANG_WARN_INFINITE_RECURSION = YES;
				CLANG_WARN_INT_CONVERSION = YES;
				CLANG_WARN_NON_LITERAL_NULL_CONVERSION = YES;
				CLANG_WARN_OBJC_IMPLICIT_RETAIN_SELF = YES;
				CLANG_WARN_OBJC_LITERAL_CONVERSION = YES;
				CLANG_WARN_OBJC_ROOT_CLASS = YES_ERROR;
				CLANG_WARN_RANGE_LOOP_ANALYSIS = YES;
				CLANG_WARN_STRICT_PROTOTYPES = YES;
				CLANG_WARN_SUSPICIOUS_MOVE = YES;
				CLANG_WARN_UNGUARDED_AVAILABILITY = YES_AGGRESSIVE;
				CLANG_WARN_UNREACHABLE_CODE = YES;
				CLANG_WARN__DUPLICATE_METHOD_MATCH = YES;
				COPY_PHASE_STRIP = NO;
				DEBUG_INFORMATION_FORMAT = "dwarf-with-dsym";
				ENABLE_NS_ASSERTIONS = NO;
				ENABLE_STRICT_OBJC_MSGSEND = YES;
				GCC_C_LANGUAGE_STANDARD = gnu11;
				GCC_NO_COMMON_BLOCKS = YES;
				GCC_WARN_64_TO_32_BIT_CONVERSION = YES;
				GCC_WARN_ABOUT_RETURN_TYPE = YES_ERROR;
				GCC_WARN_UNDECLARED_SELECTOR = YES;
				GCC_WARN_UNINITIALIZED_AUTOS = YES_AGGRESSIVE;
				GCC_WARN_UNUSED_FUNCTION = YES;
				GCC_WARN_UNUSED_VARIABLE = YES;
				IPHONEOS_DEPLOYMENT_TARGET = 13.4;
				MTL_ENABLE_DEBUG_INFO = NO;
				MTL_FAST_MATH = YES;
				SDKROOT = iphoneos;
				SWIFT_COMPILATION_MODE = wholemodule;
				SWIFT_OPTIMIZATION_LEVEL = "-O";
				VALIDATE_PRODUCT = YES;
			};
			name = Release;
		};
		88EF664824EFB9FB00D38707 /* Debug */ = {
			isa = XCBuildConfiguration;
			buildSettings = {
				ASSETCATALOG_COMPILER_APPICON_NAME = AppIcon;
				CODE_SIGN_STYLE = Automatic;
				DEVELOPMENT_ASSET_PATHS = "\"Checklist/Preview Content\"";
				DEVELOPMENT_TEAM = MS97L59777;
				ENABLE_PREVIEWS = YES;
				INFOPLIST_FILE = Checklist/Info.plist;
				LD_RUNPATH_SEARCH_PATHS = (
					"$(inherited)",
					"@executable_path/Frameworks",
				);
				PRODUCT_BUNDLE_IDENTIFIER = Masucci.Checklist;
				PRODUCT_NAME = "$(TARGET_NAME)";
				SWIFT_VERSION = 5.0;
				TARGETED_DEVICE_FAMILY = "1,2";
			};
			name = Debug;
		};
		88EF664924EFB9FB00D38707 /* Release */ = {
			isa = XCBuildConfiguration;
			buildSettings = {
				ASSETCATALOG_COMPILER_APPICON_NAME = AppIcon;
				CODE_SIGN_STYLE = Automatic;
				DEVELOPMENT_ASSET_PATHS = "\"Checklist/Preview Content\"";
				DEVELOPMENT_TEAM = MS97L59777;
				ENABLE_PREVIEWS = YES;
				INFOPLIST_FILE = Checklist/Info.plist;
				LD_RUNPATH_SEARCH_PATHS = (
					"$(inherited)",
					"@executable_path/Frameworks",
				);
				PRODUCT_BUNDLE_IDENTIFIER = Masucci.Checklist;
				PRODUCT_NAME = "$(TARGET_NAME)";
				SWIFT_VERSION = 5.0;
				TARGETED_DEVICE_FAMILY = "1,2";
			};
			name = Release;
		};
/* End XCBuildConfiguration section */

/* Begin XCConfigurationList section */
		88EF662E24EFB9F500D38707 /* Build configuration list for PBXProject "Checklist" */ = {
			isa = XCConfigurationList;
			buildConfigurations = (
				88EF664524EFB9FB00D38707 /* Debug */,
				88EF664624EFB9FB00D38707 /* Release */,
			);
			defaultConfigurationIsVisible = 0;
			defaultConfigurationName = Release;
		};
		88EF664724EFB9FB00D38707 /* Build configuration list for PBXNativeTarget "Checklist" */ = {
			isa = XCConfigurationList;
			buildConfigurations = (
				88EF664824EFB9FB00D38707 /* Debug */,
				88EF664924EFB9FB00D38707 /* Release */,
			);
			defaultConfigurationIsVisible = 0;
			defaultConfigurationName = Release;
		};
/* End XCConfigurationList section */
	};
	rootObject = 88EF662B24EFB9F500D38707 /* Project object */;
}
